
Microsoft Visual Studio Solution File, Format Version 12.00
# Visual Studio Version 17
VisualStudioVersion = 17.7.34009.444
MinimumVisualStudioVersion = 10.0.40219.1
Project("{F184B08F-C81C-45F6-A57F-5ABD9991F28F}") = "GroupProject", "GroupProject\GroupProject.vbproj", "{5FCBC08E-5FB0-4228-A299-313B328346C6}"
EndProject
Global
	GlobalSection(SolutionConfigurationPlatforms) = preSolution
		Debug|Any CPU = Debug|Any CPU
		Release|Any CPU = Release|Any CPU
	EndGlobalSection
	GlobalSection(ProjectConfigurationPlatforms) = postSolution
		{5FCBC08E-5FB0-4228-A299-313B328346C6}.Debug|Any CPU.ActiveCfg = Debug|Any CPU
		{5FCBC08E-5FB0-4228-A299-313B328346C6}.Debug|Any CPU.Build.0 = Debug|Any CPU
		{5FCBC08E-5FB0-4228-A299-313B328346C6}.Release|Any CPU.ActiveCfg = Release|Any CPU
		{5FCBC08E-5FB0-4228-A299-313B328346C6}.Release|Any CPU.Build.0 = Release|Any CPU
	EndGlobalSection
	GlobalSection(SolutionProperties) = preSolution
		HideSolutionNode = FALSE
	EndGlobalSection
	GlobalSection(ExtensibilityGlobals) = postSolution
		SolutionGuid = {DADDAC9C-79C8-4578-A24E-5726EDE9713C}
	EndGlobalSection
EndGlobal
